{
  "name": "zoro-api",
  "version": "1.0.0",
  "lockfileVersion": 1,
  "requires": true,
  "dependencies": {
    "express": {
      "version": "4.17.1",
      "resolved": "https://registry.npmjs.org/express/-/express-4.17.1.tgz",
      "integrity": "",
      "dev": false,
      "requires": {
      "express": "^4.17.1",
      }
    },
    "express-rate-limit": {
      "version": "5.3.0",
      "resolved": "https://registry.npmjs.org/express-rate-limit/-/express-rate-limit-5.3.0.tgz",
      "integrity": "",
      "dev": false,
      "requires": {
    "express-rate-limit": "^5.3.0",
      }
    },
    "jsonwebtoken": {
      "version": "8.5.1",
      "resolved": "https://registry.npmjs.org/jsonwebtoken/-/jsonwebtoken-8.5.1.tgz",
      "integrity": "",
      "dev": false,
      "requires": {
       "jsonwebtoken": "^8.5.1"
      }
    }
  }
}
